
Microsoft Visual Studio Solution File, Format Version 12.00
# Visual Studio Version 16
VisualStudioVersion = 16.0.30611.23
MinimumVisualStudioVersion = 10.0.40219.1
Project("{9A19103F-16F7-4668-BE54-9A1E7A4F7556}") = "OrganizationService", "OrganizationService.csproj", "{F4A80343-38A8-4C70-8B9D-06BC72B27870}"
EndProject
Project("{FAE04EC0-301F-11D3-BF4B-00C04F79EFBC}") = "OrganizationServiceTest", "..\OrganizationServiceTest\OrganizationServiceTest.csproj", "{60754788-AD61-47D5-A88F-664C423C3572}"
EndProject
Global
	GlobalSection(SolutionConfigurationPlatforms) = preSolution
		Debug|Any CPU = Debug|Any CPU
		Release|Any CPU = Release|Any CPU
	EndGlobalSection
	GlobalSection(ProjectConfigurationPlatforms) = postSolution
		{F4A80343-38A8-4C70-8B9D-06BC72B27870}.Debug|Any CPU.ActiveCfg = Debug|Any CPU
		{F4A80343-38A8-4C70-8B9D-06BC72B27870}.Debug|Any CPU.Build.0 = Debug|Any CPU
		{F4A80343-38A8-4C70-8B9D-06BC72B27870}.Release|Any CPU.ActiveCfg = Release|Any CPU
		{F4A80343-38A8-4C70-8B9D-06BC72B27870}.Release|Any CPU.Build.0 = Release|Any CPU
		{60754788-AD61-47D5-A88F-664C423C3572}.Debug|Any CPU.ActiveCfg = Debug|Any CPU
		{60754788-AD61-47D5-A88F-664C423C3572}.Debug|Any CPU.Build.0 = Debug|Any CPU
		{60754788-AD61-47D5-A88F-664C423C3572}.Release|Any CPU.ActiveCfg = Release|Any CPU
		{60754788-AD61-47D5-A88F-664C423C3572}.Release|Any CPU.Build.0 = Release|Any CPU
	EndGlobalSection
	GlobalSection(SolutionProperties) = preSolution
		HideSolutionNode = FALSE
	EndGlobalSection
	GlobalSection(ExtensibilityGlobals) = postSolution
		SolutionGuid = {EF0A6A04-9B3C-424F-9FD6-BFE852F5BD11}
	EndGlobalSection
EndGlobal
